
Microsoft Visual Studio Solution File, Format Version 12.00
# Visual Studio Version 16
VisualStudioVersion = 16.0.30011.22
MinimumVisualStudioVersion = 10.0.40219.1
Project("{FAE04EC0-301F-11D3-BF4B-00C04F79EFBC}") = "Dentistry", "Dentistry\Dentistry.csproj", "{477EC8B0-86E3-4D02-93F3-4FAB16304F16}"
EndProject
Global
	GlobalSection(SolutionConfigurationPlatforms) = preSolution
		Debug|Any CPU = Debug|Any CPU
		Release|Any CPU = Release|Any CPU
	EndGlobalSection
	GlobalSection(ProjectConfigurationPlatforms) = postSolution
		{477EC8B0-86E3-4D02-93F3-4FAB16304F16}.Debug|Any CPU.ActiveCfg = Debug|Any CPU
		{477EC8B0-86E3-4D02-93F3-4FAB16304F16}.Debug|Any CPU.Build.0 = Debug|Any CPU
		{477EC8B0-86E3-4D02-93F3-4FAB16304F16}.Release|Any CPU.ActiveCfg = Release|Any CPU
		{477EC8B0-86E3-4D02-93F3-4FAB16304F16}.Release|Any CPU.Build.0 = Release|Any CPU
	EndGlobalSection
	GlobalSection(SolutionProperties) = preSolution
		HideSolutionNode = FALSE
	EndGlobalSection
	GlobalSection(ExtensibilityGlobals) = postSolution
		SolutionGuid = {25969242-909B-4009-943D-DBA4F543277F}
	EndGlobalSection
EndGlobal
